
Microsoft Visual Studio Solution File, Format Version 12.00
# Visual Studio Version 16
VisualStudioVersion = 16.0.29709.97
MinimumVisualStudioVersion = 10.0.40219.1
Project("{9A19103F-16F7-4668-BE54-9A1E7A4F7556}") = "IntergalacticAirways", "IntergalacticAirways\IntergalacticAirways.csproj", "{71068981-24A7-4E47-822B-35F160DB0594}"
EndProject
Project("{9A19103F-16F7-4668-BE54-9A1E7A4F7556}") = "IntergalacticAirways.Test", "IntergalacticAirways.Test\IntergalacticAirways.Test.csproj", "{30B93253-DD3D-4800-A635-37F1A06F402C}"
EndProject
Project("{9A19103F-16F7-4668-BE54-9A1E7A4F7556}") = "IntergalacticAirways.DTO", "IntergalacticAirways.DTO\IntergalacticAirways.DTO.csproj", "{F8E3743C-3F7B-49B2-9D58-5536B5D73E5D}"
EndProject
Project("{9A19103F-16F7-4668-BE54-9A1E7A4F7556}") = "IntergalacticAirways.Core", "IntergalacticAirways.Core\IntergalacticAirways.Core.csproj", "{726B6C50-B17D-46BF-B348-2C2585D2173C}"
EndProject
Project("{9A19103F-16F7-4668-BE54-9A1E7A4F7556}") = "IntergalacticAirways.Models", "IntergalacticAirways.Models\IntergalacticAirways.Models.csproj", "{1FB94E3D-316A-460A-873C-424E9B629652}"
EndProject
Project("{FAE04EC0-301F-11D3-BF4B-00C04F79EFBC}") = "IntergalacticAirways.Services", "IntergalacticAirways.Services\IntergalacticAirways.Services.csproj", "{8A4FCC40-BD6E-4AFF-94CE-66148230B62D}"
EndProject
Global
	GlobalSection(SolutionConfigurationPlatforms) = preSolution
		Debug|Any CPU = Debug|Any CPU
		Release|Any CPU = Release|Any CPU
	EndGlobalSection
	GlobalSection(ProjectConfigurationPlatforms) = postSolution
		{71068981-24A7-4E47-822B-35F160DB0594}.Debug|Any CPU.ActiveCfg = Debug|Any CPU
		{71068981-24A7-4E47-822B-35F160DB0594}.Debug|Any CPU.Build.0 = Debug|Any CPU
		{71068981-24A7-4E47-822B-35F160DB0594}.Release|Any CPU.ActiveCfg = Release|Any CPU
		{71068981-24A7-4E47-822B-35F160DB0594}.Release|Any CPU.Build.0 = Release|Any CPU
		{30B93253-DD3D-4800-A635-37F1A06F402C}.Debug|Any CPU.ActiveCfg = Debug|Any CPU
		{30B93253-DD3D-4800-A635-37F1A06F402C}.Debug|Any CPU.Build.0 = Debug|Any CPU
		{30B93253-DD3D-4800-A635-37F1A06F402C}.Release|Any CPU.ActiveCfg = Release|Any CPU
		{30B93253-DD3D-4800-A635-37F1A06F402C}.Release|Any CPU.Build.0 = Release|Any CPU
		{F8E3743C-3F7B-49B2-9D58-5536B5D73E5D}.Debug|Any CPU.ActiveCfg = Debug|Any CPU
		{F8E3743C-3F7B-49B2-9D58-5536B5D73E5D}.Debug|Any CPU.Build.0 = Debug|Any CPU
		{F8E3743C-3F7B-49B2-9D58-5536B5D73E5D}.Release|Any CPU.ActiveCfg = Release|Any CPU
		{F8E3743C-3F7B-49B2-9D58-5536B5D73E5D}.Release|Any CPU.Build.0 = Release|Any CPU
		{726B6C50-B17D-46BF-B348-2C2585D2173C}.Debug|Any CPU.ActiveCfg = Debug|Any CPU
		{726B6C50-B17D-46BF-B348-2C2585D2173C}.Debug|Any CPU.Build.0 = Debug|Any CPU
		{726B6C50-B17D-46BF-B348-2C2585D2173C}.Release|Any CPU.ActiveCfg = Release|Any CPU
		{726B6C50-B17D-46BF-B348-2C2585D2173C}.Release|Any CPU.Build.0 = Release|Any CPU
		{1FB94E3D-316A-460A-873C-424E9B629652}.Debug|Any CPU.ActiveCfg = Debug|Any CPU
		{1FB94E3D-316A-460A-873C-424E9B629652}.Debug|Any CPU.Build.0 = Debug|Any CPU
		{1FB94E3D-316A-460A-873C-424E9B629652}.Release|Any CPU.ActiveCfg = Release|Any CPU
		{1FB94E3D-316A-460A-873C-424E9B629652}.Release|Any CPU.Build.0 = Release|Any CPU
		{8A4FCC40-BD6E-4AFF-94CE-66148230B62D}.Debug|Any CPU.ActiveCfg = Debug|Any CPU
		{8A4FCC40-BD6E-4AFF-94CE-66148230B62D}.Debug|Any CPU.Build.0 = Debug|Any CPU
		{8A4FCC40-BD6E-4AFF-94CE-66148230B62D}.Release|Any CPU.ActiveCfg = Release|Any CPU
		{8A4FCC40-BD6E-4AFF-94CE-66148230B62D}.Release|Any CPU.Build.0 = Release|Any CPU
	EndGlobalSection
	GlobalSection(SolutionProperties) = preSolution
		HideSolutionNode = FALSE
	EndGlobalSection
	GlobalSection(ExtensibilityGlobals) = postSolution
		SolutionGuid = {D1B26D86-4BFB-43B5-9F2A-631905DFDD3C}
	EndGlobalSection
EndGlobal
